
Microsoft Visual Studio Solution File, Format Version 12.00
# Visual Studio Version 16
VisualStudioVersion = 16.0.33027.164
MinimumVisualStudioVersion = 10.0.40219.1
Project("{FAE04EC0-301F-11D3-BF4B-00C04F79EFBC}") = "Bank account management system", "Bank account management system\Bank account management system.csproj", "{07D01E5A-51A7-4669-8113-0CF80ACCD075}"
EndProject
Global
	GlobalSection(SolutionConfigurationPlatforms) = preSolution
		Debug|Any CPU = Debug|Any CPU
		Release|Any CPU = Release|Any CPU
	EndGlobalSection
	GlobalSection(ProjectConfigurationPlatforms) = postSolution
		{07D01E5A-51A7-4669-8113-0CF80ACCD075}.Debug|Any CPU.ActiveCfg = Debug|Any CPU
		{07D01E5A-51A7-4669-8113-0CF80ACCD075}.Debug|Any CPU.Build.0 = Debug|Any CPU
		{07D01E5A-51A7-4669-8113-0CF80ACCD075}.Release|Any CPU.ActiveCfg = Release|Any CPU
		{07D01E5A-51A7-4669-8113-0CF80ACCD075}.Release|Any CPU.Build.0 = Release|Any CPU
	EndGlobalSection
	GlobalSection(SolutionProperties) = preSolution
		HideSolutionNode = FALSE
	EndGlobalSection
	GlobalSection(ExtensibilityGlobals) = postSolution
		SolutionGuid = {05B7EE53-3ACD-4695-A593-3D56B8FA64AB}
	EndGlobalSection
EndGlobal
